// !$*UTF8*$!
{
	archiveVersion = 1;
	classes = {
	};
	objectVersion = 56;
	objects = {

/* Begin PBXBuildFile section */
		DA1C4174299ABB9500831694 /* Localized.swift in Sources */ = {isa = PBXBuildFile; fileRef = DA1C4173299ABB9500831694 /* Localized.swift */; };
		DA1C4189299ABD2E00831694 /* Localizable.strings in Resources */ = {isa = PBXBuildFile; fileRef = DA1C418B299ABD2E00831694 /* Localizable.strings */; };
		DA8F052229954BE700E5D08C /* ArcwindKit in Frameworks */ = {isa = PBXBuildFile; productRef = DA8F052129954BE700E5D08C /* ArcwindKit */; };
		DAA1B270299513FB00AE4298 /* AppDelegate.swift in Sources */ = {isa = PBXBuildFile; fileRef = DAA1B26F299513FB00AE4298 /* AppDelegate.swift */; };
		DAA1B272299513FB00AE4298 /* MainWindowController.swift in Sources */ = {isa = PBXBuildFile; fileRef = DAA1B271299513FB00AE4298 /* MainWindowController.swift */; };
		DAA1B279299513FC00AE4298 /* Assets.xcassets in Resources */ = {isa = PBXBuildFile; fileRef = DAA1B278299513FC00AE4298 /* Assets.xcassets */; };
		DAA1B27C299513FC00AE4298 /* LaunchScreen.storyboard in Resources */ = {isa = PBXBuildFile; fileRef = DAA1B27A299513FC00AE4298 /* LaunchScreen.storyboard */; };
/* End PBXBuildFile section */

/* Begin PBXFileReference section */
		DA1C4173299ABB9500831694 /* Localized.swift */ = {isa = PBXFileReference; lastKnownFileType = sourcecode.swift; path = Localized.swift; sourceTree = "<group>"; };
		DA1C418C299ABD3100831694 /* de */ = {isa = PBXFileReference; lastKnownFileType = text.plist.strings; name = de; path = de.lproj/Localizable.strings; sourceTree = "<group>"; };
		DAA1B26C299513FB00AE4298 /* Arcwind.app */ = {isa = PBXFileReference; explicitFileType = wrapper.application; includeInIndex = 0; path = Arcwind.app; sourceTree = BUILT_PRODUCTS_DIR; };
		DAA1B26F299513FB00AE4298 /* AppDelegate.swift */ = {isa = PBXFileReference; lastKnownFileType = sourcecode.swift; path = AppDelegate.swift; sourceTree = "<group>"; };
		DAA1B271299513FB00AE4298 /* MainWindowController.swift */ = {isa = PBXFileReference; lastKnownFileType = sourcecode.swift; path = MainWindowController.swift; sourceTree = "<group>"; };
		DAA1B278299513FC00AE4298 /* Assets.xcassets */ = {isa = PBXFileReference; lastKnownFileType = folder.assetcatalog; path = Assets.xcassets; sourceTree = "<group>"; };
		DAA1B27B299513FC00AE4298 /* Base */ = {isa = PBXFileReference; lastKnownFileType = file.storyboard; name = Base; path = Base.lproj/LaunchScreen.storyboard; sourceTree = "<group>"; };
		DAA1B27D299513FC00AE4298 /* Info.plist */ = {isa = PBXFileReference; lastKnownFileType = text.plist.xml; path = Info.plist; sourceTree = "<group>"; };
/* End PBXFileReference section */

/* Begin PBXFrameworksBuildPhase section */
		DAA1B269299513FB00AE4298 /* Frameworks */ = {
			isa = PBXFrameworksBuildPhase;
			buildActionMask = 2147483647;
			files = (
				DA8F052229954BE700E5D08C /* ArcwindKit in Frameworks */,
			);
			runOnlyForDeploymentPostprocessing = 0;
		};
/* End PBXFrameworksBuildPhase section */

/* Begin PBXGroup section */
		DA8F051C29954B6C00E5D08C /* Frameworks */ = {
			isa = PBXGroup;
			children = (
			);
			name = Frameworks;
			sourceTree = "<group>";
		};
		DAA1B263299513FB00AE4298 = {
			isa = PBXGroup;
			children = (
				DAA1B26E299513FB00AE4298 /* Arcwind */,
				DAA1B26D299513FB00AE4298 /* Products */,
				DA8F051C29954B6C00E5D08C /* Frameworks */,
			);
			sourceTree = "<group>";
		};
		DAA1B26D299513FB00AE4298 /* Products */ = {
			isa = PBXGroup;
			children = (
				DAA1B26C299513FB00AE4298 /* Arcwind.app */,
			);
			name = Products;
			sourceTree = "<group>";
		};
		DAA1B26E299513FB00AE4298 /* Arcwind */ = {
			isa = PBXGroup;
			children = (
				DAA1B26F299513FB00AE4298 /* AppDelegate.swift */,
				DAA1B271299513FB00AE4298 /* MainWindowController.swift */,
				DA1C4173299ABB9500831694 /* Localized.swift */,
				DAA1B278299513FC00AE4298 /* Assets.xcassets */,
				DAA1B27A299513FC00AE4298 /* LaunchScreen.storyboard */,
				DA1C418B299ABD2E00831694 /* Localizable.strings */,
				DAA1B27D299513FC00AE4298 /* Info.plist */,
			);
			path = Arcwind;
			sourceTree = "<group>";
		};
/* End PBXGroup section */

/* Begin PBXNativeTarget section */
		DAA1B26B299513FB00AE4298 /* Arcwind */ = {
			isa = PBXNativeTarget;
			buildConfigurationList = DAA1B280299513FC00AE4298 /* Build configuration list for PBXNativeTarget "Arcwind" */;
			buildPhases = (
				DAA1B268299513FB00AE4298 /* Sources */,
				DAA1B269299513FB00AE4298 /* Frameworks */,
				DAA1B26A299513FB00AE4298 /* Resources */,
			);
			buildRules = (
			);
			dependencies = (
			);
			name = Arcwind;
			packageProductDependencies = (
				DA8F052129954BE700E5D08C /* ArcwindKit */,
			);
			productName = Arcwind;
			productReference = DAA1B26C299513FB00AE4298 /* Arcwind.app */;
			productType = "com.apple.product-type.application";
		};
/* End PBXNativeTarget section */

/* Begin PBXProject section */
		DAA1B264299513FB00AE4298 /* Project object */ = {
			isa = PBXProject;
			attributes = {
				BuildIndependentTargetsInParallel = 1;
				LastSwiftUpdateCheck = 1420;
				LastUpgradeCheck = 1420;
				TargetAttributes = {
					DAA1B26B299513FB00AE4298 = {
						CreatedOnToolsVersion = 14.2;
					};
				};
			};
			buildConfigurationList = DAA1B267299513FB00AE4298 /* Build configuration list for PBXProject "Arcwind" */;
			compatibilityVersion = "Xcode 14.0";
			developmentRegion = en;
			hasScannedForEncodings = 0;
			knownRegions = (
				en,
				Base,
				de,
			);
			mainGroup = DAA1B263299513FB00AE4298;
			productRefGroup = DAA1B26D299513FB00AE4298 /* Products */;
			projectDirPath = "";
			projectRoot = "";
			targets = (
				DAA1B26B299513FB00AE4298 /* Arcwind */,
			);
		};
/* End PBXProject section */

/* Begin PBXResourcesBuildPhase section */
		DAA1B26A299513FB00AE4298 /* Resources */ = {
			isa = PBXResourcesBuildPhase;
			buildActionMask = 2147483647;
			files = (
				DAA1B27C299513FC00AE4298 /* LaunchScreen.storyboard in Resources */,
				DA1C4189299ABD2E00831694 /* Localizable.strings in Resources */,
				DAA1B279299513FC00AE4298 /* Assets.xcassets in Resources */,
			);
			runOnlyForDeploymentPostprocessing = 0;
		};
/* End PBXResourcesBuildPhase section */

/* Begin PBXSourcesBuildPhase section */
		DAA1B268299513FB00AE4298 /* Sources */ = {
			isa = PBXSourcesBuildPhase;
			buildActionMask = 2147483647;
			files = (
				DAA1B270299513FB00AE4298 /* AppDelegate.swift in Sources */,
				DA1C4174299ABB9500831694 /* Localized.swift in Sources */,
				DAA1B272299513FB00AE4298 /* MainWindowController.swift in Sources */,
			);
			runOnlyForDeploymentPostprocessing = 0;
		};
/* End PBXSourcesBuildPhase section */

/* Begin PBXVariantGroup section */
		DA1C418B299ABD2E00831694 /* Localizable.strings */ = {
			isa = PBXVariantGroup;
			children = (
				DA1C418C299ABD3100831694 /* de */,
			);
			name = Localizable.strings;
			sourceTree = "<group>";
		};
		DAA1B27A299513FC00AE4298 /* LaunchScreen.storyboard */ = {
			isa = PBXVariantGroup;
			children = (
				DAA1B27B299513FC00AE4298 /* Base */,
			);
			name = LaunchScreen.storyboard;
			sourceTree = "<group>";
		};
/* End PBXVariantGroup section */

/* Begin XCBuildConfiguration section */
		DAA1B27E299513FC00AE4298 /* Debug */ = {
			isa = XCBuildConfiguration;
			buildSettings = {
				ALWAYS_SEARCH_USER_PATHS = NO;
				CLANG_ANALYZER_LOCALIZABILITY_NONLOCALIZED = YES;
				CLANG_ANALYZER_NONNULL = YES;
				CLANG_ANALYZER_NUMBER_OBJECT_CONVERSION = YES_AGGRESSIVE;
				CLANG_CXX_LANGUAGE_STANDARD = "gnu++20";
				CLANG_ENABLE_MODULES = YES;
				CLANG_ENABLE_OBJC_ARC = YES;
				CLANG_ENABLE_OBJC_WEAK = YES;
				CLANG_WARN_BLOCK_CAPTURE_AUTORELEASING = YES;
				CLANG_WARN_BOOL_CONVERSION = YES;
				CLANG_WARN_COMMA = YES;
				CLANG_WARN_CONSTANT_CONVERSION = YES;
				CLANG_WARN_DEPRECATED_OBJC_IMPLEMENTATIONS = YES;
				CLANG_WARN_DIRECT_OBJC_ISA_USAGE = YES_ERROR;
				CLANG_WARN_DOCUMENTATION_COMMENTS = YES;
				CLANG_WARN_EMPTY_BODY = YES;
				CLANG_WARN_ENUM_CONVERSION = YES;
				CLANG_WARN_INFINITE_RECURSION = YES;
				CLANG_WARN_INT_CONVERSION = YES;
				CLANG_WARN_NON_LITERAL_NULL_CONVERSION = YES;
				CLANG_WARN_OBJC_IMPLICIT_RETAIN_SELF = YES;
				CLANG_WARN_OBJC_LITERAL_CONVERSION = YES;
				CLANG_WARN_OBJC_ROOT_CLASS = YES_ERROR;
				CLANG_WARN_QUOTED_INCLUDE_IN_FRAMEWORK_HEADER = YES;
				CLANG_WARN_RANGE_LOOP_ANALYSIS = YES;
				CLANG_WARN_STRICT_PROTOTYPES = YES;
				CLANG_WARN_SUSPICIOUS_MOVE = YES;
				CLANG_WARN_UNGUARDED_AVAILABILITY = YES_AGGRESSIVE;
				CLANG_WARN_UNREACHABLE_CODE = YES;
				CLANG_WARN__DUPLICATE_METHOD_MATCH = YES;
				COPY_PHASE_STRIP = NO;
				DEBUG_INFORMATION_FORMAT = dwarf;
				ENABLE_STRICT_OBJC_MSGSEND = YES;
				ENABLE_TESTABILITY = YES;
				GCC_C_LANGUAGE_STANDARD = gnu11;
				GCC_DYNAMIC_NO_PIC = NO;
				GCC_NO_COMMON_BLOCKS = YES;
				GCC_OPTIMIZATION_LEVEL = 0;
				GCC_PREPROCESSOR_DEFINITIONS = (
					"DEBUG=1",
					"$(inherited)",
				);
				GCC_WARN_64_TO_32_BIT_CONVERSION = YES;
				GCC_WARN_ABOUT_RETURN_TYPE = YES_ERROR;
				GCC_WARN_UNDECLARED_SELECTOR = YES;
				GCC_WARN_UNINITIALIZED_AUTOS = YES_AGGRESSIVE;
				GCC_WARN_UNUSED_FUNCTION = YES;
				GCC_WARN_UNUSED_VARIABLE = YES;
				IPHONEOS_DEPLOYMENT_TARGET = 16.0;
				MTL_ENABLE_DEBUG_INFO = INCLUDE_SOURCE;
				MTL_FAST_MATH = YES;
				ONLY_ACTIVE_ARCH = YES;
				SDKROOT = iphoneos;
				SWIFT_ACTIVE_COMPILATION_CONDITIONS = DEBUG;
				SWIFT_EMIT_LOC_STRINGS = YES;
				SWIFT_OPTIMIZATION_LEVEL = "-Onone";
			};
			name = Debug;
		};
		DAA1B27F299513FC00AE4298 /* Release */ = {
			isa = XCBuildConfiguration;
			buildSettings = {
				ALWAYS_SEARCH_USER_PATHS = NO;
				CLANG_ANALYZER_LOCALIZABILITY_NONLOCALIZED = YES;
				CLANG_ANALYZER_NONNULL = YES;
				CLANG_ANALYZER_NUMBER_OBJECT_CONVERSION = YES_AGGRESSIVE;
				CLANG_CXX_LANGUAGE_STANDARD = "gnu++20";
				CLANG_ENABLE_MODULES = YES;
				CLANG_ENABLE_OBJC_ARC = YES;
				CLANG_ENABLE_OBJC_WEAK = YES;
				CLANG_WARN_BLOCK_CAPTURE_AUTORELEASING = YES;
				CLANG_WARN_BOOL_CONVERSION = YES;
				CLANG_WARN_COMMA = YES;
				CLANG_WARN_CONSTANT_CONVERSION = YES;
				CLANG_WARN_DEPRECATED_OBJC_IMPLEMENTATIONS = YES;
				CLANG_WARN_DIRECT_OBJC_ISA_USAGE = YES_ERROR;
				CLANG_WARN_DOCUMENTATION_COMMENTS = YES;
				CLANG_WARN_EMPTY_BODY = YES;
				CLANG_WARN_ENUM_CONVERSION = YES;
				CLANG_WARN_INFINITE_RECURSION = YES;
				CLANG_WARN_INT_CONVERSION = YES;
				CLANG_WARN_NON_LITERAL_NULL_CONVERSION = YES;
				CLANG_WARN_OBJC_IMPLICIT_RETAIN_SELF = YES;
				CLANG_WARN_OBJC_LITERAL_CONVERSION = YES;
				CLANG_WARN_OBJC_ROOT_CLASS = YES_ERROR;
				CLANG_WARN_QUOTED_INCLUDE_IN_FRAMEWORK_HEADER = YES;
				CLANG_WARN_RANGE_LOOP_ANALYSIS = YES;
				CLANG_WARN_STRICT_PROTOTYPES = YES;
				CLANG_WARN_SUSPICIOUS_MOVE = YES;
				CLANG_WARN_UNGUARDED_AVAILABILITY = YES_AGGRESSIVE;
				CLANG_WARN_UNREACHABLE_CODE = YES;
				CLANG_WARN__DUPLICATE_METHOD_MATCH = YES;
				COPY_PHASE_STRIP = NO;
				DEBUG_INFORMATION_FORMAT = "dwarf-with-dsym";
				ENABLE_NS_ASSERTIONS = NO;
				ENABLE_STRICT_OBJC_MSGSEND = YES;
				GCC_C_LANGUAGE_STANDARD = gnu11;
				GCC_NO_COMMON_BLOCKS = YES;
				GCC_WARN_64_TO_32_BIT_CONVERSION = YES;
				GCC_WARN_ABOUT_RETURN_TYPE = YES_ERROR;
				GCC_WARN_UNDECLARED_SELECTOR = YES;
				GCC_WARN_UNINITIALIZED_AUTOS = YES_AGGRESSIVE;
				GCC_WARN_UNUSED_FUNCTION = YES;
				GCC_WARN_UNUSED_VARIABLE = YES;
				IPHONEOS_DEPLOYMENT_TARGET = 16.0;
				MTL_ENABLE_DEBUG_INFO = NO;
				MTL_FAST_MATH = YES;
				SDKROOT = iphoneos;
				SWIFT_COMPILATION_MODE = wholemodule;
				SWIFT_EMIT_LOC_STRINGS = YES;
				SWIFT_OPTIMIZATION_LEVEL = "-O";
				VALIDATE_PRODUCT = YES;
			};
			name = Release;
		};
		DAA1B281299513FC00AE4298 /* Debug */ = {
			isa = XCBuildConfiguration;
			buildSettings = {
				ASSETCATALOG_COMPILER_APPICON_NAME = AppIcon;
				CODE_SIGN_STYLE = Automatic;
				CURRENT_PROJECT_VERSION = 100;
				DEVELOPMENT_TEAM = 5KESHV9W85;
				GENERATE_INFOPLIST_FILE = YES;
				INFOPLIST_FILE = Arcwind/Info.plist;
				INFOPLIST_KEY_CFBundleDisplayName = Resume;
				INFOPLIST_KEY_LSApplicationCategoryType = "public.app-category.utilities";
				INFOPLIST_KEY_UIApplicationSupportsIndirectInputEvents = YES;
				INFOPLIST_KEY_UILaunchStoryboardName = LaunchScreen.storyboard;
				INFOPLIST_KEY_UISupportedInterfaceOrientations_iPad = "UIInterfaceOrientationPortrait UIInterfaceOrientationPortraitUpsideDown UIInterfaceOrientationLandscapeLeft UIInterfaceOrientationLandscapeRight";
				INFOPLIST_KEY_UISupportedInterfaceOrientations_iPhone = "UIInterfaceOrientationPortrait UIInterfaceOrientationLandscapeLeft UIInterfaceOrientationLandscapeRight";
				LD_RUNPATH_SEARCH_PATHS = (
					"$(inherited)",
					"@executable_path/Frameworks",
				);
				MARKETING_VERSION = 1.0.0;
				PRODUCT_BUNDLE_IDENTIFIER = "info.marcel-dierkes.Arcwind";
				PRODUCT_NAME = "$(TARGET_NAME)";
				SWIFT_EMIT_LOC_STRINGS = YES;
				SWIFT_VERSION = 5.0;
				TARGETED_DEVICE_FAMILY = "1,2";
			};
			name = Debug;
		};
		DAA1B282299513FC00AE4298 /* Release */ = {
			isa = XCBuildConfiguration;
			buildSettings = {
				ASSETCATALOG_COMPILER_APPICON_NAME = AppIcon;
				CODE_SIGN_STYLE = Automatic;
				CURRENT_PROJECT_VERSION = 100;
				DEVELOPMENT_TEAM = 5KESHV9W85;
				GENERATE_INFOPLIST_FILE = YES;
				INFOPLIST_FILE = Arcwind/Info.plist;
				INFOPLIST_KEY_CFBundleDisplayName = Resume;
				INFOPLIST_KEY_LSApplicationCategoryType = "public.app-category.utilities";
				INFOPLIST_KEY_UIApplicationSupportsIndirectInputEvents = YES;
				INFOPLIST_KEY_UILaunchStoryboardName = LaunchScreen.storyboard;
				INFOPLIST_KEY_UISupportedInterfaceOrientations_iPad = "UIInterfaceOrientationPortrait UIInterfaceOrientationPortraitUpsideDown UIInterfaceOrientationLandscapeLeft UIInterfaceOrientationLandscapeRight";
				INFOPLIST_KEY_UISupportedInterfaceOrientations_iPhone = "UIInterfaceOrientationPortrait UIInterfaceOrientationLandscapeLeft UIInterfaceOrientationLandscapeRight";
				LD_RUNPATH_SEARCH_PATHS = (
					"$(inherited)",
					"@executable_path/Frameworks",
				);
				MARKETING_VERSION = 1.0.0;
				PRODUCT_BUNDLE_IDENTIFIER = "info.marcel-dierkes.Arcwind";
				PRODUCT_NAME = "$(TARGET_NAME)";
				SWIFT_EMIT_LOC_STRINGS = YES;
				SWIFT_VERSION = 5.0;
				TARGETED_DEVICE_FAMILY = "1,2";
			};
			name = Release;
		};
/* End XCBuildConfiguration section */

/* Begin XCConfigurationList section */
		DAA1B267299513FB00AE4298 /* Build configuration list for PBXProject "Arcwind" */ = {
			isa = XCConfigurationList;
			buildConfigurations = (
				DAA1B27E299513FC00AE4298 /* Debug */,
				DAA1B27F299513FC00AE4298 /* Release */,
			);
			defaultConfigurationIsVisible = 0;
			defaultConfigurationName = Release;
		};
		DAA1B280299513FC00AE4298 /* Build configuration list for PBXNativeTarget "Arcwind" */ = {
			isa = XCConfigurationList;
			buildConfigurations = (
				DAA1B281299513FC00AE4298 /* Debug */,
				DAA1B282299513FC00AE4298 /* Release */,
			);
			defaultConfigurationIsVisible = 0;
			defaultConfigurationName = Release;
		};
/* End XCConfigurationList section */

/* Begin XCSwiftPackageProductDependency section */
		DA8F052129954BE700E5D08C /* ArcwindKit */ = {
			isa = XCSwiftPackageProductDependency;
			productName = ArcwindKit;
		};
/* End XCSwiftPackageProductDependency section */
	};
	rootObject = DAA1B264299513FB00AE4298 /* Project object */;
}
